
Microsoft Visual Studio Solution File, Format Version 12.00
# Visual Studio Version 17
VisualStudioVersion = 17.8.34316.72
MinimumVisualStudioVersion = 10.0.40219.1
Project("{2150E333-8FDC-42A3-9474-1A3956D46DE8}") = "#", "#", "{38A08A1F-58A3-47E8-ACDC-CFB555D0FC72}"
	ProjectSection(SolutionItems) = preProject
		Directory.Build.props = Directory.Build.props
		Directory.Packages.props = Directory.Packages.props
		README.md = README.md
	EndProjectSection
EndProject
Project("{9A19103F-16F7-4668-BE54-9A1E7A4F7556}") = "FrpGUI.Service", "FrpGUI.Service\FrpGUI.Service.csproj", "{DD6722FB-FE07-44AD-92BD-60EC33553F02}"
EndProject
Project("{9A19103F-16F7-4668-BE54-9A1E7A4F7556}") = "FrpGUI.Tests", "FrpGUI.Tests\FrpGUI.Tests.csproj", "{F4D6A97A-D69E-4012-9240-3B0DFE88142A}"
EndProject
Project("{9A19103F-16F7-4668-BE54-9A1E7A4F7556}") = "FrpGUI.Avalonia", "FrpGUI.Avalonia\FrpGUI.Avalonia.csproj", "{84B9A51F-C2D2-402A-96ED-863859AACDD3}"
EndProject
Project("{9A19103F-16F7-4668-BE54-9A1E7A4F7556}") = "FrpGUI.Avalonia.Desktop", "FrpGUI.Avalonia.Desktop\FrpGUI.Avalonia.Desktop.csproj", "{ABF197CE-A590-46B0-999F-8B8F0CBDF85B}"
EndProject
Project("{9A19103F-16F7-4668-BE54-9A1E7A4F7556}") = "FrpGUI.WebAPI", "FrpGUI.WebAPI\FrpGUI.WebAPI.csproj", "{77E7C5D5-25BB-4AC1-8566-5E1813090682}"
EndProject
Project("{9A19103F-16F7-4668-BE54-9A1E7A4F7556}") = "FrpGUI.Avalonia.Browser", "FrpGUI.Avalonia.Browser\FrpGUI.Avalonia.Browser.csproj", "{FA92A1BC-C65B-4CA3-B7A8-5BEE8AC33400}"
EndProject
Project("{2150E333-8FDC-42A3-9474-1A3956D46DE8}") = "Clients", "Clients", "{C7A5F10B-ECC6-47BF-A89B-E4A7356B0229}"
EndProject
Project("{2150E333-8FDC-42A3-9474-1A3956D46DE8}") = "Core", "Core", "{BD2E9915-B9B2-4B8E-B022-F6BA35D6B957}"
EndProject
Project("{9A19103F-16F7-4668-BE54-9A1E7A4F7556}") = "FrpGUI.Core", "FrpGUI.Core\FrpGUI.Core.csproj", "{535981C6-9C01-4CC5-B20C-79E69EE31839}"
EndProject
Project("{2150E333-8FDC-42A3-9474-1A3956D46DE8}") = "Server", "Server", "{EBBDB258-F77E-4783-A7D3-C8ABB548B41B}"
EndProject
Global
	GlobalSection(SolutionConfigurationPlatforms) = preSolution
		Debug|Any CPU = Debug|Any CPU
		Release|Any CPU = Release|Any CPU
	EndGlobalSection
	GlobalSection(ProjectConfigurationPlatforms) = postSolution
		{DD6722FB-FE07-44AD-92BD-60EC33553F02}.Debug|Any CPU.ActiveCfg = Debug|Any CPU
		{DD6722FB-FE07-44AD-92BD-60EC33553F02}.Debug|Any CPU.Build.0 = Debug|Any CPU
		{DD6722FB-FE07-44AD-92BD-60EC33553F02}.Release|Any CPU.ActiveCfg = Release|Any CPU
		{DD6722FB-FE07-44AD-92BD-60EC33553F02}.Release|Any CPU.Build.0 = Release|Any CPU
		{F4D6A97A-D69E-4012-9240-3B0DFE88142A}.Debug|Any CPU.ActiveCfg = Debug|Any CPU
		{F4D6A97A-D69E-4012-9240-3B0DFE88142A}.Debug|Any CPU.Build.0 = Debug|Any CPU
		{F4D6A97A-D69E-4012-9240-3B0DFE88142A}.Release|Any CPU.ActiveCfg = Release|Any CPU
		{F4D6A97A-D69E-4012-9240-3B0DFE88142A}.Release|Any CPU.Build.0 = Release|Any CPU
		{84B9A51F-C2D2-402A-96ED-863859AACDD3}.Debug|Any CPU.ActiveCfg = Debug|Any CPU
		{84B9A51F-C2D2-402A-96ED-863859AACDD3}.Debug|Any CPU.Build.0 = Debug|Any CPU
		{84B9A51F-C2D2-402A-96ED-863859AACDD3}.Release|Any CPU.ActiveCfg = Release|Any CPU
		{84B9A51F-C2D2-402A-96ED-863859AACDD3}.Release|Any CPU.Build.0 = Release|Any CPU
		{ABF197CE-A590-46B0-999F-8B8F0CBDF85B}.Debug|Any CPU.ActiveCfg = Debug|Any CPU
		{ABF197CE-A590-46B0-999F-8B8F0CBDF85B}.Debug|Any CPU.Build.0 = Debug|Any CPU
		{ABF197CE-A590-46B0-999F-8B8F0CBDF85B}.Release|Any CPU.ActiveCfg = Release|Any CPU
		{ABF197CE-A590-46B0-999F-8B8F0CBDF85B}.Release|Any CPU.Build.0 = Release|Any CPU
		{77E7C5D5-25BB-4AC1-8566-5E1813090682}.Debug|Any CPU.ActiveCfg = Debug|Any CPU
		{77E7C5D5-25BB-4AC1-8566-5E1813090682}.Debug|Any CPU.Build.0 = Debug|Any CPU
		{77E7C5D5-25BB-4AC1-8566-5E1813090682}.Release|Any CPU.ActiveCfg = Release|Any CPU
		{77E7C5D5-25BB-4AC1-8566-5E1813090682}.Release|Any CPU.Build.0 = Release|Any CPU
		{FA92A1BC-C65B-4CA3-B7A8-5BEE8AC33400}.Debug|Any CPU.ActiveCfg = Debug|Any CPU
		{FA92A1BC-C65B-4CA3-B7A8-5BEE8AC33400}.Debug|Any CPU.Build.0 = Debug|Any CPU
		{FA92A1BC-C65B-4CA3-B7A8-5BEE8AC33400}.Release|Any CPU.ActiveCfg = Release|Any CPU
		{FA92A1BC-C65B-4CA3-B7A8-5BEE8AC33400}.Release|Any CPU.Build.0 = Release|Any CPU
		{535981C6-9C01-4CC5-B20C-79E69EE31839}.Debug|Any CPU.ActiveCfg = Debug|Any CPU
		{535981C6-9C01-4CC5-B20C-79E69EE31839}.Debug|Any CPU.Build.0 = Debug|Any CPU
		{535981C6-9C01-4CC5-B20C-79E69EE31839}.Release|Any CPU.ActiveCfg = Release|Any CPU
		{535981C6-9C01-4CC5-B20C-79E69EE31839}.Release|Any CPU.Build.0 = Release|Any CPU
	EndGlobalSection
	GlobalSection(SolutionProperties) = preSolution
		HideSolutionNode = FALSE
	EndGlobalSection
	GlobalSection(NestedProjects) = preSolution
		{DD6722FB-FE07-44AD-92BD-60EC33553F02} = {BD2E9915-B9B2-4B8E-B022-F6BA35D6B957}
		{84B9A51F-C2D2-402A-96ED-863859AACDD3} = {C7A5F10B-ECC6-47BF-A89B-E4A7356B0229}
		{ABF197CE-A590-46B0-999F-8B8F0CBDF85B} = {C7A5F10B-ECC6-47BF-A89B-E4A7356B0229}
		{77E7C5D5-25BB-4AC1-8566-5E1813090682} = {EBBDB258-F77E-4783-A7D3-C8ABB548B41B}
		{FA92A1BC-C65B-4CA3-B7A8-5BEE8AC33400} = {C7A5F10B-ECC6-47BF-A89B-E4A7356B0229}
		{535981C6-9C01-4CC5-B20C-79E69EE31839} = {BD2E9915-B9B2-4B8E-B022-F6BA35D6B957}
	EndGlobalSection
	GlobalSection(ExtensibilityGlobals) = postSolution
		SolutionGuid = {0DB1B7A9-97FD-4434-8F62-14A90E6AE28B}
	EndGlobalSection
EndGlobal
